
Microsoft Visual Studio Solution File, Format Version 12.00
# Visual Studio Version 17
VisualStudioVersion = 17.0.32014.148
MinimumVisualStudioVersion = 10.0.40219.1
Project("{8BC9CEB8-8B4A-11D0-8D11-00A0C91BC942}") = "Fractions Core", "FractionsCore\FractionsCore.vcxproj", "{BE2F9DEA-A908-4EBE-9941-E87289E5F537}"
	ProjectSection(ProjectDependencies) = postProject
		{7DBE3ABF-D024-4CA1-87E5-2206B14500BE} = {7DBE3ABF-D024-4CA1-87E5-2206B14500BE}
	EndProjectSection
EndProject
Project("{8BC9CEB8-8B4A-11D0-8D11-00A0C91BC942}") = "Fractions Executeable", "Fractions Executeable\Fractions Executeable.vcxproj", "{BA48B7D3-33FD-4412-918D-11E3A9CE19BA}"
	ProjectSection(ProjectDependencies) = postProject
		{9F55BA1D-027D-495F-8ABC-2CBA968B40CE} = {9F55BA1D-027D-495F-8ABC-2CBA968B40CE}
		{ED08F983-902D-4BEE-A80A-A319B9B2977C} = {ED08F983-902D-4BEE-A80A-A319B9B2977C}
		{C29F179A-3A93-4E06-A78A-9A539DE8E2C8} = {C29F179A-3A93-4E06-A78A-9A539DE8E2C8}
		{7DBE3ABF-D024-4CA1-87E5-2206B14500BE} = {7DBE3ABF-D024-4CA1-87E5-2206B14500BE}
		{BE2F9DEA-A908-4EBE-9941-E87289E5F537} = {BE2F9DEA-A908-4EBE-9941-E87289E5F537}
	EndProjectSection
EndProject
Project("{8BC9CEB8-8B4A-11D0-8D11-00A0C91BC942}") = "FractionsFiles", "FractionsFiles\FractionsFiles.vcxproj", "{C29F179A-3A93-4E06-A78A-9A539DE8E2C8}"
	ProjectSection(ProjectDependencies) = postProject
		{9F55BA1D-027D-495F-8ABC-2CBA968B40CE} = {9F55BA1D-027D-495F-8ABC-2CBA968B40CE}
		{7DBE3ABF-D024-4CA1-87E5-2206B14500BE} = {7DBE3ABF-D024-4CA1-87E5-2206B14500BE}
	EndProjectSection
EndProject
Project("{8BC9CEB8-8B4A-11D0-8D11-00A0C91BC942}") = "Fractions API", "Fractions API\Fractions API.vcxproj", "{ED08F983-902D-4BEE-A80A-A319B9B2977C}"
	ProjectSection(ProjectDependencies) = postProject
		{C29F179A-3A93-4E06-A78A-9A539DE8E2C8} = {C29F179A-3A93-4E06-A78A-9A539DE8E2C8}
		{7DBE3ABF-D024-4CA1-87E5-2206B14500BE} = {7DBE3ABF-D024-4CA1-87E5-2206B14500BE}
		{BE2F9DEA-A908-4EBE-9941-E87289E5F537} = {BE2F9DEA-A908-4EBE-9941-E87289E5F537}
	EndProjectSection
EndProject
Project("{8BC9CEB8-8B4A-11D0-8D11-00A0C91BC942}") = "lodepng", "lodepng\lodepng.vcxproj", "{9F55BA1D-027D-495F-8ABC-2CBA968B40CE}"
EndProject
Project("{8BC9CEB8-8B4A-11D0-8D11-00A0C91BC942}") = "Fractions Standard Implementation", "Fractions Standard Implementation\Fractions Standard Implementation.vcxproj", "{7DBE3ABF-D024-4CA1-87E5-2206B14500BE}"
EndProject
Global
	GlobalSection(SolutionConfigurationPlatforms) = preSolution
		Debug without building|x64 = Debug without building|x64
		Debug without building|x86 = Debug without building|x86
		Debug|x64 = Debug|x64
		Debug|x86 = Debug|x86
		Release|x64 = Release|x64
		Release|x86 = Release|x86
	EndGlobalSection
	GlobalSection(ProjectConfigurationPlatforms) = postSolution
		{BE2F9DEA-A908-4EBE-9941-E87289E5F537}.Debug without building|x64.ActiveCfg = Debug without building|x64
		{BE2F9DEA-A908-4EBE-9941-E87289E5F537}.Debug without building|x86.ActiveCfg = Debug without building|Win32
		{BE2F9DEA-A908-4EBE-9941-E87289E5F537}.Debug without building|x86.Build.0 = Debug without building|Win32
		{BE2F9DEA-A908-4EBE-9941-E87289E5F537}.Debug|x64.ActiveCfg = Debug|x64
		{BE2F9DEA-A908-4EBE-9941-E87289E5F537}.Debug|x64.Build.0 = Debug|x64
		{BE2F9DEA-A908-4EBE-9941-E87289E5F537}.Debug|x86.ActiveCfg = Debug|x64
		{BE2F9DEA-A908-4EBE-9941-E87289E5F537}.Debug|x86.Build.0 = Debug|x64
		{BE2F9DEA-A908-4EBE-9941-E87289E5F537}.Release|x64.ActiveCfg = Release|x64
		{BE2F9DEA-A908-4EBE-9941-E87289E5F537}.Release|x64.Build.0 = Release|x64
		{BE2F9DEA-A908-4EBE-9941-E87289E5F537}.Release|x86.ActiveCfg = Release|Win32
		{BE2F9DEA-A908-4EBE-9941-E87289E5F537}.Release|x86.Build.0 = Release|Win32
		{BA48B7D3-33FD-4412-918D-11E3A9CE19BA}.Debug without building|x64.ActiveCfg = Debug without building|x64
		{BA48B7D3-33FD-4412-918D-11E3A9CE19BA}.Debug without building|x86.ActiveCfg = Debug without building|Win32
		{BA48B7D3-33FD-4412-918D-11E3A9CE19BA}.Debug without building|x86.Build.0 = Debug without building|Win32
		{BA48B7D3-33FD-4412-918D-11E3A9CE19BA}.Debug|x64.ActiveCfg = Debug|x64
		{BA48B7D3-33FD-4412-918D-11E3A9CE19BA}.Debug|x64.Build.0 = Debug|x64
		{BA48B7D3-33FD-4412-918D-11E3A9CE19BA}.Debug|x86.ActiveCfg = Debug|x64
		{BA48B7D3-33FD-4412-918D-11E3A9CE19BA}.Debug|x86.Build.0 = Debug|x64
		{BA48B7D3-33FD-4412-918D-11E3A9CE19BA}.Release|x64.ActiveCfg = Release|x64
		{BA48B7D3-33FD-4412-918D-11E3A9CE19BA}.Release|x64.Build.0 = Release|x64
		{BA48B7D3-33FD-4412-918D-11E3A9CE19BA}.Release|x86.ActiveCfg = Release|Win32
		{BA48B7D3-33FD-4412-918D-11E3A9CE19BA}.Release|x86.Build.0 = Release|Win32
		{C29F179A-3A93-4E06-A78A-9A539DE8E2C8}.Debug without building|x64.ActiveCfg = Debug without building|x64
		{C29F179A-3A93-4E06-A78A-9A539DE8E2C8}.Debug without building|x86.ActiveCfg = Debug without building|Win32
		{C29F179A-3A93-4E06-A78A-9A539DE8E2C8}.Debug without building|x86.Build.0 = Debug without building|Win32
		{C29F179A-3A93-4E06-A78A-9A539DE8E2C8}.Debug|x64.ActiveCfg = Debug|x64
		{C29F179A-3A93-4E06-A78A-9A539DE8E2C8}.Debug|x64.Build.0 = Debug|x64
		{C29F179A-3A93-4E06-A78A-9A539DE8E2C8}.Debug|x86.ActiveCfg = Debug|Win32
		{C29F179A-3A93-4E06-A78A-9A539DE8E2C8}.Debug|x86.Build.0 = Debug|Win32
		{C29F179A-3A93-4E06-A78A-9A539DE8E2C8}.Release|x64.ActiveCfg = Release|x64
		{C29F179A-3A93-4E06-A78A-9A539DE8E2C8}.Release|x64.Build.0 = Release|x64
		{C29F179A-3A93-4E06-A78A-9A539DE8E2C8}.Release|x86.ActiveCfg = Release|Win32
		{C29F179A-3A93-4E06-A78A-9A539DE8E2C8}.Release|x86.Build.0 = Release|Win32
		{ED08F983-902D-4BEE-A80A-A319B9B2977C}.Debug without building|x64.ActiveCfg = Debug without building|x64
		{ED08F983-902D-4BEE-A80A-A319B9B2977C}.Debug without building|x86.ActiveCfg = Debug without building|Win32
		{ED08F983-902D-4BEE-A80A-A319B9B2977C}.Debug without building|x86.Build.0 = Debug without building|Win32
		{ED08F983-902D-4BEE-A80A-A319B9B2977C}.Debug|x64.ActiveCfg = Debug|x64
		{ED08F983-902D-4BEE-A80A-A319B9B2977C}.Debug|x64.Build.0 = Debug|x64
		{ED08F983-902D-4BEE-A80A-A319B9B2977C}.Debug|x86.ActiveCfg = Debug|Win32
		{ED08F983-902D-4BEE-A80A-A319B9B2977C}.Debug|x86.Build.0 = Debug|Win32
		{ED08F983-902D-4BEE-A80A-A319B9B2977C}.Release|x64.ActiveCfg = Release|x64
		{ED08F983-902D-4BEE-A80A-A319B9B2977C}.Release|x64.Build.0 = Release|x64
		{ED08F983-902D-4BEE-A80A-A319B9B2977C}.Release|x86.ActiveCfg = Release|Win32
		{ED08F983-902D-4BEE-A80A-A319B9B2977C}.Release|x86.Build.0 = Release|Win32
		{9F55BA1D-027D-495F-8ABC-2CBA968B40CE}.Debug without building|x64.ActiveCfg = Debug without building|x64
		{9F55BA1D-027D-495F-8ABC-2CBA968B40CE}.Debug without building|x86.ActiveCfg = Debug without building|Win32
		{9F55BA1D-027D-495F-8ABC-2CBA968B40CE}.Debug without building|x86.Build.0 = Debug without building|Win32
		{9F55BA1D-027D-495F-8ABC-2CBA968B40CE}.Debug|x64.ActiveCfg = Debug|x64
		{9F55BA1D-027D-495F-8ABC-2CBA968B40CE}.Debug|x64.Build.0 = Debug|x64
		{9F55BA1D-027D-495F-8ABC-2CBA968B40CE}.Debug|x86.ActiveCfg = Debug|Win32
		{9F55BA1D-027D-495F-8ABC-2CBA968B40CE}.Debug|x86.Build.0 = Debug|Win32
		{9F55BA1D-027D-495F-8ABC-2CBA968B40CE}.Release|x64.ActiveCfg = Release|x64
		{9F55BA1D-027D-495F-8ABC-2CBA968B40CE}.Release|x64.Build.0 = Release|x64
		{9F55BA1D-027D-495F-8ABC-2CBA968B40CE}.Release|x86.ActiveCfg = Release|Win32
		{9F55BA1D-027D-495F-8ABC-2CBA968B40CE}.Release|x86.Build.0 = Release|Win32
		{7DBE3ABF-D024-4CA1-87E5-2206B14500BE}.Debug without building|x64.ActiveCfg = Debug without building|x64
		{7DBE3ABF-D024-4CA1-87E5-2206B14500BE}.Debug without building|x86.ActiveCfg = Debug without building|Win32
		{7DBE3ABF-D024-4CA1-87E5-2206B14500BE}.Debug without building|x86.Build.0 = Debug without building|Win32
		{7DBE3ABF-D024-4CA1-87E5-2206B14500BE}.Debug|x64.ActiveCfg = Debug|x64
		{7DBE3ABF-D024-4CA1-87E5-2206B14500BE}.Debug|x64.Build.0 = Debug|x64
		{7DBE3ABF-D024-4CA1-87E5-2206B14500BE}.Debug|x86.ActiveCfg = Debug|Win32
		{7DBE3ABF-D024-4CA1-87E5-2206B14500BE}.Debug|x86.Build.0 = Debug|Win32
		{7DBE3ABF-D024-4CA1-87E5-2206B14500BE}.Release|x64.ActiveCfg = Release|x64
		{7DBE3ABF-D024-4CA1-87E5-2206B14500BE}.Release|x64.Build.0 = Release|x64
		{7DBE3ABF-D024-4CA1-87E5-2206B14500BE}.Release|x86.ActiveCfg = Release|Win32
		{7DBE3ABF-D024-4CA1-87E5-2206B14500BE}.Release|x86.Build.0 = Release|Win32
	EndGlobalSection
	GlobalSection(SolutionProperties) = preSolution
		HideSolutionNode = FALSE
	EndGlobalSection
	GlobalSection(ExtensibilityGlobals) = postSolution
		SolutionGuid = {B98A2EB2-F6E1-4963-AAAF-EFEB376C801D}
	EndGlobalSection
EndGlobal
